{
  "name": "public",
  "version": "1.0.0",
  "lockfileVersion": 1,
  "requires": true,
  "dependencies": {
    "@ckeditor/ckeditor5-adapter-ckfinder": {
      "version": "38.1.0",
      "resolved": "https://registry.npmjs.org/@ckeditor/ckeditor5-adapter-ckfinder/-/ckeditor5-adapter-ckfinder-38.1.0.tgz",
      "integrity": "sha512-ThWSKz4uOTmkELGuodtKUEZdgwl6BAzqfrmWcm85313esuAVuYrRVuHvOboMPjxg4pMfemfL/Cp/03nvugqZCg==",
      "requires": {
        "ckeditor5": "38.1.0"
      }
    },
    "@ckeditor/ckeditor5-autoformat": {
      "version": "38.1.0",
      "resolved": "https://registry.npmjs.org/@ckeditor/ckeditor5-autoformat/-/ckeditor5-autoformat-38.1.0.tgz",
      "integrity": "sha512-heptwiVtPzriWPNq9Qpns8ClSHD49LcqdGDU0bWhAbDhfUmbIeUiFiaPn8F8u9R2qWpg0E5bIHzxED6uRBr5Nw==",
      "requires": {
        "ckeditor5": "38.1.0"
      }
    },
    "@ckeditor/ckeditor5-basic-styles": {
      "version": "38.1.0",
      "resolved": "https://registry.npmjs.org/@ckeditor/ckeditor5-basic-styles/-/ckeditor5-basic-styles-38.1.0.tgz",
      "integrity": "sha512-K/lhLLY52YZ2AfTOeqqwIOiPbIh7qYEfj/kytMd7PQ1ScFYbGMdWwgPTXpFi0JG7O2vK+5fkS+03e4klTX6IkA==",
      "requires": {
        "ckeditor5": "38.1.0"
      }
    },
    "@ckeditor/ckeditor5-block-quote": {
      "version": "38.1.0",
      "resolved": "https://registry.npmjs.org/@ckeditor/ckeditor5-block-quote/-/ckeditor5-block-quote-38.1.0.tgz",
      "integrity": "sha512-gEkVmhq4kSZR55vojSubz4JXDmffHm0FurL5wV/y28W5HigWI1PmbeZhxHLHtlB6DPseLIWRjB5Q9Nku5UoN0w==",
      "requires": {
        "ckeditor5": "38.1.0"
      }
    },
    "@ckeditor/ckeditor5-build-classic": {
      "version": "38.1.0",
      "resolved": "https://registry.npmjs.org/@ckeditor/ckeditor5-build-classic/-/ckeditor5-build-classic-38.1.0.tgz",
      "integrity": "sha512-bP3EYzrhgWEk4C2jeupmCKf+joJUxlXdaeEtwB8a15XMjMj5k6HrpnCtilqbyF7Yc+KxAsffjERmXXsO902tLg==",
      "requires": {
        "@ckeditor/ckeditor5-adapter-ckfinder": "38.1.0",
        "@ckeditor/ckeditor5-autoformat": "38.1.0",
        "@ckeditor/ckeditor5-basic-styles": "38.1.0",
        "@ckeditor/ckeditor5-block-quote": "38.1.0",
        "@ckeditor/ckeditor5-ckbox": "38.1.0",
        "@ckeditor/ckeditor5-ckfinder": "38.1.0",
        "@ckeditor/ckeditor5-cloud-services": "38.1.0",
        "@ckeditor/ckeditor5-easy-image": "38.1.0",
        "@ckeditor/ckeditor5-editor-classic": "38.1.0",
        "@ckeditor/ckeditor5-essentials": "38.1.0",
        "@ckeditor/ckeditor5-heading": "38.1.0",
        "@ckeditor/ckeditor5-image": "38.1.0",
        "@ckeditor/ckeditor5-indent": "38.1.0",
        "@ckeditor/ckeditor5-link": "38.1.0",
        "@ckeditor/ckeditor5-list": "38.1.0",
        "@ckeditor/ckeditor5-media-embed": "38.1.0",
        "@ckeditor/ckeditor5-paragraph": "38.1.0",
        "@ckeditor/ckeditor5-paste-from-office": "38.1.0",
        "@ckeditor/ckeditor5-table": "38.1.0",
        "@ckeditor/ckeditor5-typing": "38.1.0"
      }
    },
    "@ckeditor/ckeditor5-ckbox": {
      "version": "38.1.0",
      "resolved": "https://registry.npmjs.org/@ckeditor/ckeditor5-ckbox/-/ckeditor5-ckbox-38.1.0.tgz",
      "integrity": "sha512-+NgnBxwwIxL2nbvC/C+CEPm2VpkT6jsojkEEYoK6sOLoG0iCiCmEZWyROCGUJZw2JEN0cXbTpZaZTfw2cyXHFg==",
      "requires": {
        "ckeditor5": "38.1.0"
      }
    },
    "@ckeditor/ckeditor5-ckfinder": {
      "version": "38.1.0",
      "resolved": "https://registry.npmjs.org/@ckeditor/ckeditor5-ckfinder/-/ckeditor5-ckfinder-38.1.0.tgz",
      "integrity": "sha512-3WwXMv/VljZhDzfd/Qt2AqbFFyQlrC+qEkv4V+qLRo6Tc2VhtUJ56J9zIjtedR+KGdJ0GiZm+eK+cl2MWlZ+JA==",
      "requires": {
        "ckeditor5": "38.1.0"
      }
    },
    "@ckeditor/ckeditor5-clipboard": {
      "version": "38.1.0",
      "resolved": "https://registry.npmjs.org/@ckeditor/ckeditor5-clipboard/-/ckeditor5-clipboard-38.1.0.tgz",
      "integrity": "sha512-OoxzP+GG9b80otVlGbJH6kTWM5AR5oJNGyj76KaxmhWfpyVifHM14iIFBjuEDzORsRZdb3+DA26+GcnkJ08/GA==",
      "requires": {
        "@ckeditor/ckeditor5-core": "38.1.0",
        "@ckeditor/ckeditor5-engine": "38.1.0",
        "@ckeditor/ckeditor5-ui": "38.1.0",
        "@ckeditor/ckeditor5-utils": "38.1.0",
        "@ckeditor/ckeditor5-widget": "38.1.0",
        "lodash-es": "^4.17.15"
      }
    },
    "@ckeditor/ckeditor5-cloud-services": {
      "version": "38.1.0",
      "resolved": "https://registry.npmjs.org/@ckeditor/ckeditor5-cloud-services/-/ckeditor5-cloud-services-38.1.0.tgz",
      "integrity": "sha512-2BbKF4/xlF+6YNHTxvJMzTEaopKRrnpEFJaoHI9kN/EnmpwjI+6VRj7ezdk33xCUcSqP8K/sMyIFuL86GP7maQ==",
      "requires": {
        "ckeditor5": "38.1.0"
      }
    },
    "@ckeditor/ckeditor5-core": {
      "version": "38.1.0",
      "resolved": "https://registry.npmjs.org/@ckeditor/ckeditor5-core/-/ckeditor5-core-38.1.0.tgz",
      "integrity": "sha512-jlz42+72zDVThAuQD0LMRA7qhWRHeestgBhMkVYdi1KRTEB59FWvV9vLfrJGs/qiB5vVkzDvK4etKqjOWm1KnA==",
      "requires": {
        "@ckeditor/ckeditor5-engine": "38.1.0",
        "@ckeditor/ckeditor5-utils": "38.1.0",
        "lodash-es": "^4.17.15"
      }
    },
    "@ckeditor/ckeditor5-easy-image": {
      "version": "38.1.0",
      "resolved": "https://registry.npmjs.org/@ckeditor/ckeditor5-easy-image/-/ckeditor5-easy-image-38.1.0.tgz",
      "integrity": "sha512-q4SWi3BI28cR2bxsCjr+Gzk4Z7P7ao73q1BanqqPodkOw52WimlEM9uTJu9Q3mw1757WHQeozVeIvdYjcu4qMw==",
      "requires": {
        "ckeditor5": "38.1.0"
      }
    },
    "@ckeditor/ckeditor5-editor-classic": {
      "version": "38.1.0",
      "resolved": "https://registry.npmjs.org/@ckeditor/ckeditor5-editor-classic/-/ckeditor5-editor-classic-38.1.0.tgz",
      "integrity": "sha512-FDB+G4jNS/1nBP25VP1F+XYlosKRW68AEsmR52X1zW64KW/9AAA9jSLQLmAsf/JA96HOviSdNDItlvzwq4x05g==",
      "requires": {
        "ckeditor5": "38.1.0",
        "lodash-es": "^4.17.15"
      }
    },
    "@ckeditor/ckeditor5-engine": {
      "version": "38.1.0",
      "resolved": "https://registry.npmjs.org/@ckeditor/ckeditor5-engine/-/ckeditor5-engine-38.1.0.tgz",
      "integrity": "sha512-Ldkw66gPMAL9GHnD+PsteWCay3ImPd+Lh/s54ISQxPDN8v4G3MNx9n003RA0ZtLKrbVhYXmAIF3xlzWWAkQK4w==",
      "requires": {
        "@ckeditor/ckeditor5-utils": "38.1.0",
        "lodash-es": "^4.17.15"
      }
    },
    "@ckeditor/ckeditor5-enter": {
      "version": "38.1.0",
      "resolved": "https://registry.npmjs.org/@ckeditor/ckeditor5-enter/-/ckeditor5-enter-38.1.0.tgz",
      "integrity": "sha512-mBjr1Bk12ugPgScxnRncAxM5YcQUQosf01T5ekqT4/tAmoICyVgcJk4OU1H16TOzIRul0D4dr6eeg1yUhRHZPg==",
      "requires": {
        "@ckeditor/ckeditor5-core": "38.1.0",
        "@ckeditor/ckeditor5-engine": "38.1.0",
        "@ckeditor/ckeditor5-utils": "38.1.0"
      }
    },
    "@ckeditor/ckeditor5-essentials": {
      "version": "38.1.0",
      "resolved": "https://registry.npmjs.org/@ckeditor/ckeditor5-essentials/-/ckeditor5-essentials-38.1.0.tgz",
      "integrity": "sha512-/RsNDJSHXQ4YcdcFFVoneC0PeW/d0NFz8ba6Sh5lCvfr/ja7HztmtkmGmPej6O7POqkWXRTbdKL7Zistnhm6Mg==",
      "requires": {
        "ckeditor5": "38.1.0"
      }
    },
    "@ckeditor/ckeditor5-heading": {
      "version": "38.1.0",
      "resolved": "https://registry.npmjs.org/@ckeditor/ckeditor5-heading/-/ckeditor5-heading-38.1.0.tgz",
      "integrity": "sha512-pGqmJtaM7S509oj3S3cAkd2ClxASyUaD0QeDxSiJ2MzQQSph0v+CiKnzicLAb/hmhVB8ik5i21OpStNuGtn2Ww==",
      "requires": {
        "ckeditor5": "38.1.0"
      }
    },
    "@ckeditor/ckeditor5-image": {
      "version": "38.1.0",
      "resolved": "https://registry.npmjs.org/@ckeditor/ckeditor5-image/-/ckeditor5-image-38.1.0.tgz",
      "integrity": "sha512-KaxsCdP4H381pnP4+hIoITsitfoWzLX2CCFNwglImHwsw3GzMd4uRuJjq+Zvd8mTPifULTWNsg6O4S9dEe3zmA==",
      "requires": {
        "@ckeditor/ckeditor5-ui": "38.1.0",
        "ckeditor5": "38.1.0",
        "lodash-es": "^4.17.15"
      }
    },
    "@ckeditor/ckeditor5-indent": {
      "version": "38.1.0",
      "resolved": "https://registry.npmjs.org/@ckeditor/ckeditor5-indent/-/ckeditor5-indent-38.1.0.tgz",
      "integrity": "sha512-rcTHpvOM/JRtHE+n8dnirAIIzGV2HtjuBdRMjwrU5F4Q0dgPDh/zWbm6/bAgSjjhE0aiUgdxgfItmGlnAu1pFw==",
      "requires": {
        "ckeditor5": "38.1.0"
      }
    },
    "@ckeditor/ckeditor5-link": {
      "version": "38.1.0",
      "resolved": "https://registry.npmjs.org/@ckeditor/ckeditor5-link/-/ckeditor5-link-38.1.0.tgz",
      "integrity": "sha512-/GoXWpZ522GD0qGvqj0Y57Lo2amakWRN//k3Nc5sHvtxjhwP87Wqb8YGtVR1bB33xmvWzBwB7W1EHA+Gqkh84A==",
      "requires": {
        "@ckeditor/ckeditor5-ui": "38.1.0",
        "ckeditor5": "38.1.0",
        "lodash-es": "^4.17.15"
      }
    },
    "@ckeditor/ckeditor5-list": {
      "version": "38.1.0",
      "resolved": "https://registry.npmjs.org/@ckeditor/ckeditor5-list/-/ckeditor5-list-38.1.0.tgz",
      "integrity": "sha512-FiBjSPjudYp4thheroIbhZ5qIpPsd/FpHrzEvtvvkuse8ltw17hwCxnCViyDQgnowhoAlJmmEwo7P8C4U4Qs0A==",
      "requires": {
        "@ckeditor/ckeditor5-ui": "38.1.0",
        "ckeditor5": "38.1.0"
      }
    },
    "@ckeditor/ckeditor5-media-embed": {
      "version": "38.1.0",
      "resolved": "https://registry.npmjs.org/@ckeditor/ckeditor5-media-embed/-/ckeditor5-media-embed-38.1.0.tgz",
      "integrity": "sha512-k+x6tQ4jlH9pQvpBzb9a1paQm569Hm86tfHitkK18OHtBLgscNAGsswwzEBT/7ek+sP/25n1ugxdlXFeBtA0+A==",
      "requires": {
        "@ckeditor/ckeditor5-ui": "38.1.0",
        "ckeditor5": "38.1.0"
      }
    },
    "@ckeditor/ckeditor5-paragraph": {
      "version": "38.1.0",
      "resolved": "https://registry.npmjs.org/@ckeditor/ckeditor5-paragraph/-/ckeditor5-paragraph-38.1.0.tgz",
      "integrity": "sha512-B0meYDsGzR1e7pXN7Ky8L1BD80gJa+WHDUcDMLtEb+awQrdXf6JmD1CbH6ejbfBWSq+klO4cucenDSN4PK9e/g==",
      "requires": {
        "@ckeditor/ckeditor5-core": "38.1.0",
        "@ckeditor/ckeditor5-ui": "38.1.0",
        "@ckeditor/ckeditor5-utils": "38.1.0"
      }
    },
    "@ckeditor/ckeditor5-paste-from-office": {
      "version": "38.1.0",
      "resolved": "https://registry.npmjs.org/@ckeditor/ckeditor5-paste-from-office/-/ckeditor5-paste-from-office-38.1.0.tgz",
      "integrity": "sha512-RYZiCyRvCEqlLymAmW7OWVWRb0bkCuU2gWKiv/jhvgP58ZoGWDszVgAXJEcGJqCaJ2Q6mL7AVu4sdTDshTUk2A==",
      "requires": {
        "ckeditor5": "38.1.0"
      }
    },
    "@ckeditor/ckeditor5-select-all": {
      "version": "38.1.0",
      "resolved": "https://registry.npmjs.org/@ckeditor/ckeditor5-select-all/-/ckeditor5-select-all-38.1.0.tgz",
      "integrity": "sha512-04QCaVepM86iLSnQANMG6BAt0zW248So2vo5dOhSEvCoj6HlOtfxOSdwLykiLMYaKUucxhDtvboHEexshcQ34w==",
      "requires": {
        "@ckeditor/ckeditor5-core": "38.1.0",
        "@ckeditor/ckeditor5-ui": "38.1.0",
        "@ckeditor/ckeditor5-utils": "38.1.0"
      }
    },
    "@ckeditor/ckeditor5-table": {
      "version": "38.1.0",
      "resolved": "https://registry.npmjs.org/@ckeditor/ckeditor5-table/-/ckeditor5-table-38.1.0.tgz",
      "integrity": "sha512-jXP30EjjCc73HdmwZDWxwP88xL9mCvFudE3swIOp4VLoyMDRQHFudsdZ0qoLmmy+Bobje6pJk8vNKalUaMKAKg==",
      "requires": {
        "ckeditor5": "38.1.0",
        "lodash-es": "^4.17.15"
      }
    },
    "@ckeditor/ckeditor5-typing": {
      "version": "38.1.0",
      "resolved": "https://registry.npmjs.org/@ckeditor/ckeditor5-typing/-/ckeditor5-typing-38.1.0.tgz",
      "integrity": "sha512-Y30Ein/vSBpVMnqPMEO41DcG03zZBX1alaY8p3E30K4J19i8krZ49fr6ej06Tz9JtwF6SjRqK9BGan5KL3XeeQ==",
      "requires": {
        "@ckeditor/ckeditor5-core": "38.1.0",
        "@ckeditor/ckeditor5-engine": "38.1.0",
        "@ckeditor/ckeditor5-utils": "38.1.0",
        "lodash-es": "^4.17.15"
      }
    },
    "@ckeditor/ckeditor5-ui": {
      "version": "38.1.0",
      "resolved": "https://registry.npmjs.org/@ckeditor/ckeditor5-ui/-/ckeditor5-ui-38.1.0.tgz",
      "integrity": "sha512-k44qe+z/08En0/SKc/LC9jSy7Gy5S/5L6HReJ/ah7Ur2xbvA8hiiH1qc39m0vuUOFYC+YrYmvEps5o/ADgmy4A==",
      "requires": {
        "@ckeditor/ckeditor5-core": "38.1.0",
        "@ckeditor/ckeditor5-utils": "38.1.0",
        "color-convert": "2.0.1",
        "color-parse": "1.4.2",
        "lodash-es": "^4.17.15",
        "vanilla-colorful": "0.7.2"
      }
    },
    "@ckeditor/ckeditor5-undo": {
      "version": "38.1.0",
      "resolved": "https://registry.npmjs.org/@ckeditor/ckeditor5-undo/-/ckeditor5-undo-38.1.0.tgz",
      "integrity": "sha512-bm0WPJUqLihYVOsEWVXFLLM4hYh3vW4xcphUQNtkkkL4yXzvCYqtFr1vODgBsOiLfcmLhQzwSP/gWOxTzwtPqQ==",
      "requires": {
        "@ckeditor/ckeditor5-core": "38.1.0",
        "@ckeditor/ckeditor5-engine": "38.1.0",
        "@ckeditor/ckeditor5-ui": "38.1.0"
      }
    },
    "@ckeditor/ckeditor5-upload": {
      "version": "38.1.0",
      "resolved": "https://registry.npmjs.org/@ckeditor/ckeditor5-upload/-/ckeditor5-upload-38.1.0.tgz",
      "integrity": "sha512-IaBXioCzhOik6qIAFZEm8eCv2yVUNpAZ9RVbbQbmVqm6W2u8dh6or1j33XEwMXtIVbakbmgEjuBTy3w+gxoDCQ==",
      "requires": {
        "@ckeditor/ckeditor5-core": "38.1.0",
        "@ckeditor/ckeditor5-ui": "38.1.0",
        "@ckeditor/ckeditor5-utils": "38.1.0"
      }
    },
    "@ckeditor/ckeditor5-utils": {
      "version": "38.1.0",
      "resolved": "https://registry.npmjs.org/@ckeditor/ckeditor5-utils/-/ckeditor5-utils-38.1.0.tgz",
      "integrity": "sha512-TVo2R4tMT2VGXlGcpi3XbmyHqTx4IMM6RPICqQyo8Cl8SR8ksyPXeAJuTLvXbYaxbVKhztnY/p6Uu/zEBV7kdA==",
      "requires": {
        "lodash-es": "^4.17.15"
      }
    },
    "@ckeditor/ckeditor5-vue2": {
      "version": "3.0.1",
      "resolved": "https://registry.npmjs.org/@ckeditor/ckeditor5-vue2/-/ckeditor5-vue2-3.0.1.tgz",
      "integrity": "sha512-vS9ffP3rOFgM8oeG9XVFD+UtcYAhkgFDfBHjswJuCgUM0Iw8uqLlCiDPbs4PeJsend8GcmmtNeFdcQaSPkOtpw=="
    },
    "@ckeditor/ckeditor5-watchdog": {
      "version": "38.1.0",
      "resolved": "https://registry.npmjs.org/@ckeditor/ckeditor5-watchdog/-/ckeditor5-watchdog-38.1.0.tgz",
      "integrity": "sha512-o6M8bTnvrxfcwmX05iuvH9fvOwfe7pvEpduXDI35gXDUqOYN14lQFkU48OM4C/QvRQyos8WNLq2d+yg0cwNnIQ==",
      "requires": {
        "lodash-es": "^4.17.15"
      }
    },
    "@ckeditor/ckeditor5-widget": {
      "version": "38.1.0",
      "resolved": "https://registry.npmjs.org/@ckeditor/ckeditor5-widget/-/ckeditor5-widget-38.1.0.tgz",
      "integrity": "sha512-7j1lgMKLOGdjndRWyogHGTW0pDr+0q5YP0LyqGWciiuxN6SWYSLOaYACBVKnCWp6VtvmPM473ZXF2RKW7YOVQQ==",
      "requires": {
        "@ckeditor/ckeditor5-core": "38.1.0",
        "@ckeditor/ckeditor5-engine": "38.1.0",
        "@ckeditor/ckeditor5-enter": "38.1.0",
        "@ckeditor/ckeditor5-typing": "38.1.0",
        "@ckeditor/ckeditor5-ui": "38.1.0",
        "@ckeditor/ckeditor5-utils": "38.1.0",
        "lodash-es": "^4.17.15"
      }
    },
    "ckeditor5": {
      "version": "38.1.0",
      "resolved": "https://registry.npmjs.org/ckeditor5/-/ckeditor5-38.1.0.tgz",
      "integrity": "sha512-rWkzD5d6qJkeC4IrVV56f3x2bd5USyYJ0Ida2nGReNLvQD4DhOsedfUe2cffhiSCDXW9nzyLAYtgDPl2V2zJaA==",
      "requires": {
        "@ckeditor/ckeditor5-clipboard": "38.1.0",
        "@ckeditor/ckeditor5-core": "38.1.0",
        "@ckeditor/ckeditor5-engine": "38.1.0",
        "@ckeditor/ckeditor5-enter": "38.1.0",
        "@ckeditor/ckeditor5-paragraph": "38.1.0",
        "@ckeditor/ckeditor5-select-all": "38.1.0",
        "@ckeditor/ckeditor5-typing": "38.1.0",
        "@ckeditor/ckeditor5-ui": "38.1.0",
        "@ckeditor/ckeditor5-undo": "38.1.0",
        "@ckeditor/ckeditor5-upload": "38.1.0",
        "@ckeditor/ckeditor5-utils": "38.1.0",
        "@ckeditor/ckeditor5-watchdog": "38.1.0",
        "@ckeditor/ckeditor5-widget": "38.1.0"
      }
    },
    "color-convert": {
      "version": "2.0.1",
      "resolved": "https://registry.npmjs.org/color-convert/-/color-convert-2.0.1.tgz",
      "integrity": "sha512-RRECPsj7iu/xb5oKYcsFHSppFNnsj/52OVTRKb4zP5onXwVF3zVmmToNcOfGC+CRDpfK/U584fMg38ZHCaElKQ==",
      "requires": {
        "color-name": "~1.1.4"
      }
    },
    "color-name": {
      "version": "1.1.4",
      "resolved": "https://registry.npmjs.org/color-name/-/color-name-1.1.4.tgz",
      "integrity": "sha512-dOy+3AuW3a2wNbZHIuMZpTcgjGuLU/uBL/ubcZF9OXbDo8ff4O8yVp5Bf0efS8uEoYo5q4Fx7dY9OgQGXgAsQA=="
    },
    "color-parse": {
      "version": "1.4.2",
      "resolved": "https://registry.npmjs.org/color-parse/-/color-parse-1.4.2.tgz",
      "integrity": "sha512-RI7s49/8yqDj3fECFZjUI1Yi0z/Gq1py43oNJivAIIDSyJiOZLfYCRQEgn8HEVAj++PcRe8AnL2XF0fRJ3BTnA==",
      "requires": {
        "color-name": "^1.0.0"
      }
    },
    "lodash-es": {
      "version": "4.17.21",
      "resolved": "https://registry.npmjs.org/lodash-es/-/lodash-es-4.17.21.tgz",
      "integrity": "sha512-mKnC+QJ9pWVzv+C4/U3rRsHapFfHvQFoFB92e52xeyGMcX6/OlIl78je1u8vePzYZSkkogMPJ2yjxxsb89cxyw=="
    },
    "vanilla-colorful": {
      "version": "0.7.2",
      "resolved": "https://registry.npmjs.org/vanilla-colorful/-/vanilla-colorful-0.7.2.tgz",
      "integrity": "sha512-z2YZusTFC6KnLERx1cgoIRX2CjPRP0W75N+3CC6gbvdX5Ch47rZkEMGO2Xnf+IEmi3RiFLxS18gayMA27iU7Kg=="
    }
  }
}
